// !$*UTF8*$!
{
	archiveVersion = 1;
	classes = {
	};
	objectVersion = 46;
	objects = {

/* Begin PBXBuildFile section */
		B539F125D8D84290A6162BEB /* libPods.a in Frameworks */ = {isa = PBXBuildFile; fileRef = A1E8953DB53B634AC930C871 /* libPods.a */; };
		EF0F6FC21BFB4A3300A79C76 /* FYBannerView.m in Sources */ = {isa = PBXBuildFile; fileRef = EF0F6FC11BFB4A3300A79C76 /* FYBannerView.m */; };
		EF28525D1C11786E00FA954F /* FYPullToRefreshModel.m in Sources */ = {isa = PBXBuildFile; fileRef = EF28525C1C11786E00FA954F /* FYPullToRefreshModel.m */; };
		EF3631851C03057600DEA179 /* FYWebViewController.m in Sources */ = {isa = PBXBuildFile; fileRef = EF3631841C03057600DEA179 /* FYWebViewController.m */; };
		EF3631881C0475E000DEA179 /* FYBannerItemView.m in Sources */ = {isa = PBXBuildFile; fileRef = EF3631871C0475E000DEA179 /* FYBannerItemView.m */; };
		EF36318E1C047FDE00DEA179 /* FYImageDataModel.m in Sources */ = {isa = PBXBuildFile; fileRef = EF36318D1C047FDE00DEA179 /* FYImageDataModel.m */; };
		EF7AF84B1C07114800BDCCC1 /* FYStore.m in Sources */ = {isa = PBXBuildFile; fileRef = EF7AF84A1C07114800BDCCC1 /* FYStore.m */; };
		EF969EC21C0F07B4005A4A0E /* FYTableViewController.m in Sources */ = {isa = PBXBuildFile; fileRef = EF969EC11C0F07B4005A4A0E /* FYTableViewController.m */; };
		EFABF2821C08574A000D6AA9 /* FYConfigurationModel.m in Sources */ = {isa = PBXBuildFile; fileRef = EFABF2811C08574A000D6AA9 /* FYConfigurationModel.m */; };
		EFABF2851C08726C000D6AA9 /* FYRedirectModel.m in Sources */ = {isa = PBXBuildFile; fileRef = EFABF2841C08726C000D6AA9 /* FYRedirectModel.m */; };
		EFB04EE71BFC847200E0C2D9 /* FYBannerService.m in Sources */ = {isa = PBXBuildFile; fileRef = EFB04EE61BFC847200E0C2D9 /* FYBannerService.m */; };
		EFB04EEA1BFC84E700E0C2D9 /* FYPublicService.m in Sources */ = {isa = PBXBuildFile; fileRef = EFB04EE91BFC84E700E0C2D9 /* FYPublicService.m */; };
		EFBB284D1C05CD52004EF710 /* FYHelper.m in Sources */ = {isa = PBXBuildFile; fileRef = EFBB284C1C05CD52004EF710 /* FYHelper.m */; };
		EFF012221BF33D5100B0F922 /* FYAppDelegate.m in Sources */ = {isa = PBXBuildFile; fileRef = EFF012211BF33D5100B0F922 /* FYAppDelegate.m */; };
		EFF012341BF3560100B0F922 /* FYUIViewController.m in Sources */ = {isa = PBXBuildFile; fileRef = EFF012331BF3560100B0F922 /* FYUIViewController.m */; };
		EFF0123A1BF357AA00B0F922 /* FYUIButton.m in Sources */ = {isa = PBXBuildFile; fileRef = EFF012391BF357AA00B0F922 /* FYUIButton.m */; };
		EFF0123D1BF357DF00B0F922 /* FYAlertView.m in Sources */ = {isa = PBXBuildFile; fileRef = EFF0123C1BF357DF00B0F922 /* FYAlertView.m */; };
		EFF5C4F01BF32BE600B6A52D /* main.m in Sources */ = {isa = PBXBuildFile; fileRef = EFF5C4EF1BF32BE600B6A52D /* main.m */; };
		EFF5C4FB1BF32BE600B6A52D /* Assets.xcassets in Resources */ = {isa = PBXBuildFile; fileRef = EFF5C4FA1BF32BE600B6A52D /* Assets.xcassets */; };
		EFF5C4FE1BF32BE600B6A52D /* LaunchScreen.storyboard in Resources */ = {isa = PBXBuildFile; fileRef = EFF5C4FC1BF32BE600B6A52D /* LaunchScreen.storyboard */; };
		EFF5C5091BF32BE600B6A52D /* FYUIScrollViewDemoTests.m in Sources */ = {isa = PBXBuildFile; fileRef = EFF5C5081BF32BE600B6A52D /* FYUIScrollViewDemoTests.m */; };
		EFF5C5141BF32BE600B6A52D /* FYUIScrollViewDemoUITests.m in Sources */ = {isa = PBXBuildFile; fileRef = EFF5C5131BF32BE600B6A52D /* FYUIScrollViewDemoUITests.m */; };
/* End PBXBuildFile section */

/* Begin PBXContainerItemProxy section */
		EFF5C5051BF32BE600B6A52D /* PBXContainerItemProxy */ = {
			isa = PBXContainerItemProxy;
			containerPortal = EFF5C4E31BF32BE600B6A52D /* Project object */;
			proxyType = 1;
			remoteGlobalIDString = EFF5C4EA1BF32BE600B6A52D;
			remoteInfo = FYUIScrollViewDemo;
		};
		EFF5C5101BF32BE600B6A52D /* PBXContainerItemProxy */ = {
			isa = PBXContainerItemProxy;
			containerPortal = EFF5C4E31BF32BE600B6A52D /* Project object */;
			proxyType = 1;
			remoteGlobalIDString = EFF5C4EA1BF32BE600B6A52D;
			remoteInfo = FYUIScrollViewDemo;
		};
/* End PBXContainerItemProxy section */

/* Begin PBXFileReference section */
		A1E8953DB53B634AC930C871 /* libPods.a */ = {isa = PBXFileReference; explicitFileType = archive.ar; includeInIndex = 0; path = libPods.a; sourceTree = BUILT_PRODUCTS_DIR; };
		A4B470CE6385F2A6F1C17709 /* Pods.debug.xcconfig */ = {isa = PBXFileReference; includeInIndex = 1; lastKnownFileType = text.xcconfig; name = Pods.debug.xcconfig; path = "Pods/Target Support Files/Pods/Pods.debug.xcconfig"; sourceTree = "<group>"; };
		EF0BED3E1BF4933E00DAF12C /* FYDefine.h */ = {isa = PBXFileReference; fileEncoding = 4; lastKnownFileType = sourcecode.c.h; path = FYDefine.h; sourceTree = "<group>"; };
		EF0F6FC01BFB4A3300A79C76 /* FYBannerView.h */ = {isa = PBXFileReference; fileEncoding = 4; lastKnownFileType = sourcecode.c.h; path = FYBannerView.h; sourceTree = "<group>"; };
		EF0F6FC11BFB4A3300A79C76 /* FYBannerView.m */ = {isa = PBXFileReference; fileEncoding = 4; lastKnownFileType = sourcecode.c.objc; path = FYBannerView.m; sourceTree = "<group>"; };
		EF28525B1C11786E00FA954F /* FYPullToRefreshModel.h */ = {isa = PBXFileReference; fileEncoding = 4; lastKnownFileType = sourcecode.c.h; path = FYPullToRefreshModel.h; sourceTree = "<group>"; };
		EF28525C1C11786E00FA954F /* FYPullToRefreshModel.m */ = {isa = PBXFileReference; fileEncoding = 4; lastKnownFileType = sourcecode.c.objc; path = FYPullToRefreshModel.m; sourceTree = "<group>"; };
		EF3631831C03057600DEA179 /* FYWebViewController.h */ = {isa = PBXFileReference; fileEncoding = 4; lastKnownFileType = sourcecode.c.h; path = FYWebViewController.h; sourceTree = "<group>"; };
		EF3631841C03057600DEA179 /* FYWebViewController.m */ = {isa = PBXFileReference; fileEncoding = 4; lastKnownFileType = sourcecode.c.objc; path = FYWebViewController.m; sourceTree = "<group>"; };
		EF3631861C0475E000DEA179 /* FYBannerItemView.h */ = {isa = PBXFileReference; fileEncoding = 4; lastKnownFileType = sourcecode.c.h; path = FYBannerItemView.h; sourceTree = "<group>"; };
		EF3631871C0475E000DEA179 /* FYBannerItemView.m */ = {isa = PBXFileReference; fileEncoding = 4; lastKnownFileType = sourcecode.c.objc; path = FYBannerItemView.m; sourceTree = "<group>"; };
		EF36318C1C047FDE00DEA179 /* FYImageDataModel.h */ = {isa = PBXFileReference; fileEncoding = 4; lastKnownFileType = sourcecode.c.h; path = FYImageDataModel.h; sourceTree = "<group>"; };
		EF36318D1C047FDE00DEA179 /* FYImageDataModel.m */ = {isa = PBXFileReference; fileEncoding = 4; lastKnownFileType = sourcecode.c.objc; path = FYImageDataModel.m; sourceTree = "<group>"; };
		EF7AF8491C07114800BDCCC1 /* FYStore.h */ = {isa = PBXFileReference; fileEncoding = 4; lastKnownFileType = sourcecode.c.h; path = FYStore.h; sourceTree = "<group>"; };
		EF7AF84A1C07114800BDCCC1 /* FYStore.m */ = {isa = PBXFileReference; fileEncoding = 4; lastKnownFileType = sourcecode.c.objc; path = FYStore.m; sourceTree = "<group>"; };
		EF969EC01C0F07B4005A4A0E /* FYTableViewController.h */ = {isa = PBXFileReference; fileEncoding = 4; lastKnownFileType = sourcecode.c.h; path = FYTableViewController.h; sourceTree = "<group>"; };
		EF969EC11C0F07B4005A4A0E /* FYTableViewController.m */ = {isa = PBXFileReference; fileEncoding = 4; lastKnownFileType = sourcecode.c.objc; path = FYTableViewController.m; sourceTree = "<group>"; };
		EFABF2801C08574A000D6AA9 /* FYConfigurationModel.h */ = {isa = PBXFileReference; fileEncoding = 4; lastKnownFileType = sourcecode.c.h; path = FYConfigurationModel.h; sourceTree = "<group>"; };
		EFABF2811C08574A000D6AA9 /* FYConfigurationModel.m */ = {isa = PBXFileReference; fileEncoding = 4; lastKnownFileType = sourcecode.c.objc; path = FYConfigurationModel.m; sourceTree = "<group>"; };
		EFABF2831C08726C000D6AA9 /* FYRedirectModel.h */ = {isa = PBXFileReference; fileEncoding = 4; lastKnownFileType = sourcecode.c.h; path = FYRedirectModel.h; sourceTree = "<group>"; };
		EFABF2841C08726C000D6AA9 /* FYRedirectModel.m */ = {isa = PBXFileReference; fileEncoding = 4; lastKnownFileType = sourcecode.c.objc; path = FYRedirectModel.m; sourceTree = "<group>"; };
		EFB04EE51BFC847200E0C2D9 /* FYBannerService.h */ = {isa = PBXFileReference; fileEncoding = 4; lastKnownFileType = sourcecode.c.h; path = FYBannerService.h; sourceTree = "<group>"; };
		EFB04EE61BFC847200E0C2D9 /* FYBannerService.m */ = {isa = PBXFileReference; fileEncoding = 4; lastKnownFileType = sourcecode.c.objc; path = FYBannerService.m; sourceTree = "<group>"; };
		EFB04EE81BFC84E700E0C2D9 /* FYPublicService.h */ = {isa = PBXFileReference; fileEncoding = 4; lastKnownFileType = sourcecode.c.h; path = FYPublicService.h; sourceTree = "<group>"; };
		EFB04EE91BFC84E700E0C2D9 /* FYPublicService.m */ = {isa = PBXFileReference; fileEncoding = 4; lastKnownFileType = sourcecode.c.objc; path = FYPublicService.m; sourceTree = "<group>"; };
		EFBB284B1C05CD52004EF710 /* FYHelper.h */ = {isa = PBXFileReference; fileEncoding = 4; lastKnownFileType = sourcecode.c.h; path = FYHelper.h; sourceTree = "<group>"; };
		EFBB284C1C05CD52004EF710 /* FYHelper.m */ = {isa = PBXFileReference; fileEncoding = 4; lastKnownFileType = sourcecode.c.objc; path = FYHelper.m; sourceTree = "<group>"; };
		EFF012201BF33D5100B0F922 /* FYAppDelegate.h */ = {isa = PBXFileReference; fileEncoding = 4; lastKnownFileType = sourcecode.c.h; name = FYAppDelegate.h; path = ../FYAppDelegate.h; sourceTree = "<group>"; };
		EFF012211BF33D5100B0F922 /* FYAppDelegate.m */ = {isa = PBXFileReference; fileEncoding = 4; lastKnownFileType = sourcecode.c.objc; name = FYAppDelegate.m; path = ../FYAppDelegate.m; sourceTree = "<group>"; };
		EFF012321BF3560100B0F922 /* FYUIViewController.h */ = {isa = PBXFileReference; fileEncoding = 4; lastKnownFileType = sourcecode.c.h; path = FYUIViewController.h; sourceTree = "<group>"; };
		EFF012331BF3560100B0F922 /* FYUIViewController.m */ = {isa = PBXFileReference; fileEncoding = 4; lastKnownFileType = sourcecode.c.objc; path = FYUIViewController.m; sourceTree = "<group>"; };
		EFF012381BF357AA00B0F922 /* FYUIButton.h */ = {isa = PBXFileReference; fileEncoding = 4; lastKnownFileType = sourcecode.c.h; path = FYUIButton.h; sourceTree = "<group>"; };
		EFF012391BF357AA00B0F922 /* FYUIButton.m */ = {isa = PBXFileReference; fileEncoding = 4; lastKnownFileType = sourcecode.c.objc; path = FYUIButton.m; sourceTree = "<group>"; };
		EFF0123B1BF357DF00B0F922 /* FYAlertView.h */ = {isa = PBXFileReference; fileEncoding = 4; lastKnownFileType = sourcecode.c.h; path = FYAlertView.h; sourceTree = "<group>"; };
		EFF0123C1BF357DF00B0F922 /* FYAlertView.m */ = {isa = PBXFileReference; fileEncoding = 4; lastKnownFileType = sourcecode.c.objc; path = FYAlertView.m; sourceTree = "<group>"; };
		EFF5C4EB1BF32BE600B6A52D /* FYUIScrollViewDemo.app */ = {isa = PBXFileReference; explicitFileType = wrapper.application; includeInIndex = 0; path = FYUIScrollViewDemo.app; sourceTree = BUILT_PRODUCTS_DIR; };
		EFF5C4EF1BF32BE600B6A52D /* main.m */ = {isa = PBXFileReference; lastKnownFileType = sourcecode.c.objc; path = main.m; sourceTree = "<group>"; };
		EFF5C4FA1BF32BE600B6A52D /* Assets.xcassets */ = {isa = PBXFileReference; lastKnownFileType = folder.assetcatalog; path = Assets.xcassets; sourceTree = "<group>"; };
		EFF5C4FD1BF32BE600B6A52D /* Base */ = {isa = PBXFileReference; lastKnownFileType = file.storyboard; name = Base; path = Base.lproj/LaunchScreen.storyboard; sourceTree = "<group>"; };
		EFF5C4FF1BF32BE600B6A52D /* Info.plist */ = {isa = PBXFileReference; lastKnownFileType = text.plist.xml; path = Info.plist; sourceTree = "<group>"; };
		EFF5C5041BF32BE600B6A52D /* FYUIScrollViewDemoTests.xctest */ = {isa = PBXFileReference; explicitFileType = wrapper.cfbundle; includeInIndex = 0; path = FYUIScrollViewDemoTests.xctest; sourceTree = BUILT_PRODUCTS_DIR; };
		EFF5C5081BF32BE600B6A52D /* FYUIScrollViewDemoTests.m */ = {isa = PBXFileReference; lastKnownFileType = sourcecode.c.objc; path = FYUIScrollViewDemoTests.m; sourceTree = "<group>"; };
		EFF5C50A1BF32BE600B6A52D /* Info.plist */ = {isa = PBXFileReference; lastKnownFileType = text.plist.xml; path = Info.plist; sourceTree = "<group>"; };
		EFF5C50F1BF32BE600B6A52D /* FYUIScrollViewDemoUITests.xctest */ = {isa = PBXFileReference; explicitFileType = wrapper.cfbundle; includeInIndex = 0; path = FYUIScrollViewDemoUITests.xctest; sourceTree = BUILT_PRODUCTS_DIR; };
		EFF5C5131BF32BE600B6A52D /* FYUIScrollViewDemoUITests.m */ = {isa = PBXFileReference; lastKnownFileType = sourcecode.c.objc; path = FYUIScrollViewDemoUITests.m; sourceTree = "<group>"; };
		EFF5C5151BF32BE600B6A52D /* Info.plist */ = {isa = PBXFileReference; lastKnownFileType = text.plist.xml; path = Info.plist; sourceTree = "<group>"; };
		FCDDB0AF069E782D7E968AB2 /* Pods.release.xcconfig */ = {isa = PBXFileReference; includeInIndex = 1; lastKnownFileType = text.xcconfig; name = Pods.release.xcconfig; path = "Pods/Target Support Files/Pods/Pods.release.xcconfig"; sourceTree = "<group>"; };
/* End PBXFileReference section */

/* Begin PBXFrameworksBuildPhase section */
		EFF5C4E81BF32BE600B6A52D /* Frameworks */ = {
			isa = PBXFrameworksBuildPhase;
			buildActionMask = 2147483647;
			files = (
				B539F125D8D84290A6162BEB /* libPods.a in Frameworks */,
			);
			runOnlyForDeploymentPostprocessing = 0;
		};
		EFF5C5011BF32BE600B6A52D /* Frameworks */ = {
			isa = PBXFrameworksBuildPhase;
			buildActionMask = 2147483647;
			files = (
			);
			runOnlyForDeploymentPostprocessing = 0;
		};
		EFF5C50C1BF32BE600B6A52D /* Frameworks */ = {
			isa = PBXFrameworksBuildPhase;
			buildActionMask = 2147483647;
			files = (
			);
			runOnlyForDeploymentPostprocessing = 0;
		};
/* End PBXFrameworksBuildPhase section */

/* Begin PBXGroup section */
		2B24079CE033AADC3801177B /* Frameworks */ = {
			isa = PBXGroup;
			children = (
				A1E8953DB53B634AC930C871 /* libPods.a */,
			);
			name = Frameworks;
			sourceTree = "<group>";
		};
		A79596534B7523BB73973233 /* Pods */ = {
			isa = PBXGroup;
			children = (
				A4B470CE6385F2A6F1C17709 /* Pods.debug.xcconfig */,
				FCDDB0AF069E782D7E968AB2 /* Pods.release.xcconfig */,
			);
			name = Pods;
			sourceTree = "<group>";
		};
		EF0BED3B1BF4926800DAF12C /* Utilities */ = {
			isa = PBXGroup;
			children = (
				EF0BED3E1BF4933E00DAF12C /* FYDefine.h */,
			);
			name = Utilities;
			path = ../Utilities;
			sourceTree = "<group>";
		};
		EF0F6FBD1BFB48D000A79C76 /* Stores */ = {
			isa = PBXGroup;
			children = (
				EF7AF8491C07114800BDCCC1 /* FYStore.h */,
				EF7AF84A1C07114800BDCCC1 /* FYStore.m */,
			);
			name = Stores;
			path = ../Stores;
			sourceTree = "<group>";
		};
		EF0F6FBE1BFB490800A79C76 /* Models */ = {
			isa = PBXGroup;
			children = (
				EF36318C1C047FDE00DEA179 /* FYImageDataModel.h */,
				EF36318D1C047FDE00DEA179 /* FYImageDataModel.m */,
				EFABF2801C08574A000D6AA9 /* FYConfigurationModel.h */,
				EFABF2811C08574A000D6AA9 /* FYConfigurationModel.m */,
				EFABF2831C08726C000D6AA9 /* FYRedirectModel.h */,
				EFABF2841C08726C000D6AA9 /* FYRedirectModel.m */,
				EF28525B1C11786E00FA954F /* FYPullToRefreshModel.h */,
				EF28525C1C11786E00FA954F /* FYPullToRefreshModel.m */,
			);
			name = Models;
			path = ../Models;
			sourceTree = "<group>";
		};
		EF0F6FBF1BFB499000A79C76 /* FYBannerView */ = {
			isa = PBXGroup;
			children = (
				EF0F6FC01BFB4A3300A79C76 /* FYBannerView.h */,
				EF0F6FC11BFB4A3300A79C76 /* FYBannerView.m */,
				EF3631861C0475E000DEA179 /* FYBannerItemView.h */,
				EF3631871C0475E000DEA179 /* FYBannerItemView.m */,
			);
			path = FYBannerView;
			sourceTree = "<group>";
		};
		EFB04EE31BFC81B100E0C2D9 /* Public */ = {
			isa = PBXGroup;
			children = (
				EFB04EE41BFC81D800E0C2D9 /* BannerService */,
				EFB04EE81BFC84E700E0C2D9 /* FYPublicService.h */,
				EFB04EE91BFC84E700E0C2D9 /* FYPublicService.m */,
			);
			name = Public;
			path = ..;
			sourceTree = "<group>";
		};
		EFB04EE41BFC81D800E0C2D9 /* BannerService */ = {
			isa = PBXGroup;
			children = (
				EFB04EE51BFC847200E0C2D9 /* FYBannerService.h */,
				EFB04EE61BFC847200E0C2D9 /* FYBannerService.m */,
			);
			name = BannerService;
			sourceTree = "<group>";
		};
		EFBB28491C05CD19004EF710 /* Classes */ = {
			isa = PBXGroup;
			children = (
				EF0F6FBE1BFB490800A79C76 /* Models */,
				EFF012351BF3566500B0F922 /* Views */,
				EFF012311BF3560100B0F922 /* Controllers */,
				EF0F6FBD1BFB48D000A79C76 /* Stores */,
				EFB04EE31BFC81B100E0C2D9 /* Public */,
				EFBB284A1C05CD19004EF710 /* Helper */,
				EF0BED3B1BF4926800DAF12C /* Utilities */,
				EFF012201BF33D5100B0F922 /* FYAppDelegate.h */,
				EFF012211BF33D5100B0F922 /* FYAppDelegate.m */,
			);
			path = Classes;
			sourceTree = "<group>";
		};
		EFBB284A1C05CD19004EF710 /* Helper */ = {
			isa = PBXGroup;
			children = (
				EFBB284B1C05CD52004EF710 /* FYHelper.h */,
				EFBB284C1C05CD52004EF710 /* FYHelper.m */,
			);
			path = Helper;
			sourceTree = "<group>";
		};
		EFF012311BF3560100B0F922 /* Controllers */ = {
			isa = PBXGroup;
			children = (
				EFF012321BF3560100B0F922 /* FYUIViewController.h */,
				EFF012331BF3560100B0F922 /* FYUIViewController.m */,
				EF3631831C03057600DEA179 /* FYWebViewController.h */,
				EF3631841C03057600DEA179 /* FYWebViewController.m */,
				EF969EC01C0F07B4005A4A0E /* FYTableViewController.h */,
				EF969EC11C0F07B4005A4A0E /* FYTableViewController.m */,
			);
			name = Controllers;
			path = ../Controllers;
			sourceTree = "<group>";
		};
		EFF012351BF3566500B0F922 /* Views */ = {
			isa = PBXGroup;
			children = (
				EF0F6FBF1BFB499000A79C76 /* FYBannerView */,
				EFF012371BF3575E00B0F922 /* FYUIButton */,
				EFF012361BF3574600B0F922 /* FYAlertView */,
			);
			name = Views;
			path = ../Views;
			sourceTree = "<group>";
		};
		EFF012361BF3574600B0F922 /* FYAlertView */ = {
			isa = PBXGroup;
			children = (
				EFF0123B1BF357DF00B0F922 /* FYAlertView.h */,
				EFF0123C1BF357DF00B0F922 /* FYAlertView.m */,
			);
			path = FYAlertView;
			sourceTree = "<group>";
		};
		EFF012371BF3575E00B0F922 /* FYUIButton */ = {
			isa = PBXGroup;
			children = (
				EFF012381BF357AA00B0F922 /* FYUIButton.h */,
				EFF012391BF357AA00B0F922 /* FYUIButton.m */,
			);
			path = FYUIButton;
			sourceTree = "<group>";
		};
		EFF5C4E21BF32BE600B6A52D = {
			isa = PBXGroup;
			children = (
				EFF5C4ED1BF32BE600B6A52D /* FYUIScrollViewDemo */,
				EFF5C5071BF32BE600B6A52D /* FYUIScrollViewDemoTests */,
				EFF5C5121BF32BE600B6A52D /* FYUIScrollViewDemoUITests */,
				EFF5C4EC1BF32BE600B6A52D /* Products */,
				A79596534B7523BB73973233 /* Pods */,
				2B24079CE033AADC3801177B /* Frameworks */,
			);
			sourceTree = "<group>";
		};
		EFF5C4EC1BF32BE600B6A52D /* Products */ = {
			isa = PBXGroup;
			children = (
				EFF5C4EB1BF32BE600B6A52D /* FYUIScrollViewDemo.app */,
				EFF5C5041BF32BE600B6A52D /* FYUIScrollViewDemoTests.xctest */,
				EFF5C50F1BF32BE600B6A52D /* FYUIScrollViewDemoUITests.xctest */,
			);
			name = Products;
			sourceTree = "<group>";
		};
		EFF5C4ED1BF32BE600B6A52D /* FYUIScrollViewDemo */ = {
			isa = PBXGroup;
			children = (
				EFBB28491C05CD19004EF710 /* Classes */,
				EFF5C4EE1BF32BE600B6A52D /* Supporting Files */,
			);
			path = FYUIScrollViewDemo;
			sourceTree = "<group>";
		};
		EFF5C4EE1BF32BE600B6A52D /* Supporting Files */ = {
			isa = PBXGroup;
			children = (
				EFF5C4FA1BF32BE600B6A52D /* Assets.xcassets */,
				EFF5C4FC1BF32BE600B6A52D /* LaunchScreen.storyboard */,
				EFF5C4FF1BF32BE600B6A52D /* Info.plist */,
				EFF5C4EF1BF32BE600B6A52D /* main.m */,
			);
			name = "Supporting Files";
			sourceTree = "<group>";
		};
		EFF5C5071BF32BE600B6A52D /* FYUIScrollViewDemoTests */ = {
			isa = PBXGroup;
			children = (
				EFF5C5081BF32BE600B6A52D /* FYUIScrollViewDemoTests.m */,
				EFF5C50A1BF32BE600B6A52D /* Info.plist */,
			);
			path = FYUIScrollViewDemoTests;
			sourceTree = "<group>";
		};
		EFF5C5121BF32BE600B6A52D /* FYUIScrollViewDemoUITests */ = {
			isa = PBXGroup;
			children = (
				EFF5C5131BF32BE600B6A52D /* FYUIScrollViewDemoUITests.m */,
				EFF5C5151BF32BE600B6A52D /* Info.plist */,
			);
			path = FYUIScrollViewDemoUITests;
			sourceTree = "<group>";
		};
/* End PBXGroup section */

/* Begin PBXNativeTarget section */
		EFF5C4EA1BF32BE600B6A52D /* FYUIScrollViewDemo */ = {
			isa = PBXNativeTarget;
			buildConfigurationList = EFF5C5181BF32BE600B6A52D /* Build configuration list for PBXNativeTarget "FYUIScrollViewDemo" */;
			buildPhases = (
				FCF0521C73CCF6087E082DF9 /* Check Pods Manifest.lock */,
				EFF5C4E71BF32BE600B6A52D /* Sources */,
				EFF5C4E81BF32BE600B6A52D /* Frameworks */,
				EFF5C4E91BF32BE600B6A52D /* Resources */,
				8B5F362ADA85695E4730B490 /* Embed Pods Frameworks */,
				60221398DA64753CCEEE48A7 /* Copy Pods Resources */,
			);
			buildRules = (
			);
			dependencies = (
			);
			name = FYUIScrollViewDemo;
			productName = FYUIScrollViewDemo;
			productReference = EFF5C4EB1BF32BE600B6A52D /* FYUIScrollViewDemo.app */;
			productType = "com.apple.product-type.application";
		};
		EFF5C5031BF32BE600B6A52D /* FYUIScrollViewDemoTests */ = {
			isa = PBXNativeTarget;
			buildConfigurationList = EFF5C51B1BF32BE600B6A52D /* Build configuration list for PBXNativeTarget "FYUIScrollViewDemoTests" */;
			buildPhases = (
				EFF5C5001BF32BE600B6A52D /* Sources */,
				EFF5C5011BF32BE600B6A52D /* Frameworks */,
				EFF5C5021BF32BE600B6A52D /* Resources */,
			);
			buildRules = (
			);
			dependencies = (
				EFF5C5061BF32BE600B6A52D /* PBXTargetDependency */,
			);
			name = FYUIScrollViewDemoTests;
			productName = FYUIScrollViewDemoTests;
			productReference = EFF5C5041BF32BE600B6A52D /* FYUIScrollViewDemoTests.xctest */;
			productType = "com.apple.product-type.bundle.unit-test";
		};
		EFF5C50E1BF32BE600B6A52D /* FYUIScrollViewDemoUITests */ = {
			isa = PBXNativeTarget;
			buildConfigurationList = EFF5C51E1BF32BE600B6A52D /* Build configuration list for PBXNativeTarget "FYUIScrollViewDemoUITests" */;
			buildPhases = (
				EFF5C50B1BF32BE600B6A52D /* Sources */,
				EFF5C50C1BF32BE600B6A52D /* Frameworks */,
				EFF5C50D1BF32BE600B6A52D /* Resources */,
			);
			buildRules = (
			);
			dependencies = (
				EFF5C5111BF32BE600B6A52D /* PBXTargetDependency */,
			);
			name = FYUIScrollViewDemoUITests;
			productName = FYUIScrollViewDemoUITests;
			productReference = EFF5C50F1BF32BE600B6A52D /* FYUIScrollViewDemoUITests.xctest */;
			productType = "com.apple.product-type.bundle.ui-testing";
		};
/* End PBXNativeTarget section */

/* Begin PBXProject section */
		EFF5C4E31BF32BE600B6A52D /* Project object */ = {
			isa = PBXProject;
			attributes = {
				CLASSPREFIX = FY;
				LastUpgradeCheck = 0710;
				ORGANIZATIONNAME = "Frankenstein Yang";
				TargetAttributes = {
					EFF5C4EA1BF32BE600B6A52D = {
						CreatedOnToolsVersion = 7.1;
						DevelopmentTeam = UUK5L6Q9PF;
					};
					EFF5C5031BF32BE600B6A52D = {
						CreatedOnToolsVersion = 7.1;
						TestTargetID = EFF5C4EA1BF32BE600B6A52D;
					};
					EFF5C50E1BF32BE600B6A52D = {
						CreatedOnToolsVersion = 7.1;
						TestTargetID = EFF5C4EA1BF32BE600B6A52D;
					};
				};
			};
			buildConfigurationList = EFF5C4E61BF32BE600B6A52D /* Build configuration list for PBXProject "FYUIScrollViewDemo" */;
			compatibilityVersion = "Xcode 3.2";
			developmentRegion = English;
			hasScannedForEncodings = 0;
			knownRegions = (
				en,
				Base,
			);
			mainGroup = EFF5C4E21BF32BE600B6A52D;
			productRefGroup = EFF5C4EC1BF32BE600B6A52D /* Products */;
			projectDirPath = "";
			projectRoot = "";
			targets = (
				EFF5C4EA1BF32BE600B6A52D /* FYUIScrollViewDemo */,
				EFF5C5031BF32BE600B6A52D /* FYUIScrollViewDemoTests */,
				EFF5C50E1BF32BE600B6A52D /* FYUIScrollViewDemoUITests */,
			);
		};
/* End PBXProject section */

/* Begin PBXResourcesBuildPhase section */
		EFF5C4E91BF32BE600B6A52D /* Resources */ = {
			isa = PBXResourcesBuildPhase;
			buildActionMask = 2147483647;
			files = (
				EFF5C4FE1BF32BE600B6A52D /* LaunchScreen.storyboard in Resources */,
				EFF5C4FB1BF32BE600B6A52D /* Assets.xcassets in Resources */,
			);
			runOnlyForDeploymentPostprocessing = 0;
		};
		EFF5C5021BF32BE600B6A52D /* Resources */ = {
			isa = PBXResourcesBuildPhase;
			buildActionMask = 2147483647;
			files = (
			);
			runOnlyForDeploymentPostprocessing = 0;
		};
		EFF5C50D1BF32BE600B6A52D /* Resources */ = {
			isa = PBXResourcesBuildPhase;
			buildActionMask = 2147483647;
			files = (
			);
			runOnlyForDeploymentPostprocessing = 0;
		};
/* End PBXResourcesBuildPhase section */

/* Begin PBXShellScriptBuildPhase section */
		60221398DA64753CCEEE48A7 /* Copy Pods Resources */ = {
			isa = PBXShellScriptBuildPhase;
			buildActionMask = 2147483647;
			files = (
			);
			inputPaths = (
			);
			name = "Copy Pods Resources";
			outputPaths = (
			);
			runOnlyForDeploymentPostprocessing = 0;
			shellPath = /bin/sh;
			shellScript = "\"${SRCROOT}/Pods/Target Support Files/Pods/Pods-resources.sh\"\n";
			showEnvVarsInLog = 0;
		};
		8B5F362ADA85695E4730B490 /* Embed Pods Frameworks */ = {
			isa = PBXShellScriptBuildPhase;
			buildActionMask = 2147483647;
			files = (
			);
			inputPaths = (
			);
			name = "Embed Pods Frameworks";
			outputPaths = (
			);
			runOnlyForDeploymentPostprocessing = 0;
			shellPath = /bin/sh;
			shellScript = "\"${SRCROOT}/Pods/Target Support Files/Pods/Pods-frameworks.sh\"\n";
			showEnvVarsInLog = 0;
		};
		FCF0521C73CCF6087E082DF9 /* Check Pods Manifest.lock */ = {
			isa = PBXShellScriptBuildPhase;
			buildActionMask = 2147483647;
			files = (
			);
			inputPaths = (
			);
			name = "Check Pods Manifest.lock";
			outputPaths = (
			);
			runOnlyForDeploymentPostprocessing = 0;
			shellPath = /bin/sh;
			shellScript = "diff \"${PODS_ROOT}/../Podfile.lock\" \"${PODS_ROOT}/Manifest.lock\" > /dev/null\nif [[ $? != 0 ]] ; then\n    cat << EOM\nerror: The sandbox is not in sync with the Podfile.lock. Run 'pod install' or update your CocoaPods installation.\nEOM\n    exit 1\nfi\n";
			showEnvVarsInLog = 0;
		};
/* End PBXShellScriptBuildPhase section */

/* Begin PBXSourcesBuildPhase section */
		EFF5C4E71BF32BE600B6A52D /* Sources */ = {
			isa = PBXSourcesBuildPhase;
			buildActionMask = 2147483647;
			files = (
				EFBB284D1C05CD52004EF710 /* FYHelper.m in Sources */,
				EF7AF84B1C07114800BDCCC1 /* FYStore.m in Sources */,
				EFF0123A1BF357AA00B0F922 /* FYUIButton.m in Sources */,
				EF3631851C03057600DEA179 /* FYWebViewController.m in Sources */,
				EF28525D1C11786E00FA954F /* FYPullToRefreshModel.m in Sources */,
				EF0F6FC21BFB4A3300A79C76 /* FYBannerView.m in Sources */,
				EFF5C4F01BF32BE600B6A52D /* main.m in Sources */,
				EF3631881C0475E000DEA179 /* FYBannerItemView.m in Sources */,
				EFABF2821C08574A000D6AA9 /* FYConfigurationModel.m in Sources */,
				EF969EC21C0F07B4005A4A0E /* FYTableViewController.m in Sources */,
				EFB04EEA1BFC84E700E0C2D9 /* FYPublicService.m in Sources */,
				EFF0123D1BF357DF00B0F922 /* FYAlertView.m in Sources */,
				EFF012221BF33D5100B0F922 /* FYAppDelegate.m in Sources */,
				EFABF2851C08726C000D6AA9 /* FYRedirectModel.m in Sources */,
				EFF012341BF3560100B0F922 /* FYUIViewController.m in Sources */,
				EFB04EE71BFC847200E0C2D9 /* FYBannerService.m in Sources */,
				EF36318E1C047FDE00DEA179 /* FYImageDataModel.m in Sources */,
			);
			runOnlyForDeploymentPostprocessing = 0;
		};
		EFF5C5001BF32BE600B6A52D /* Sources */ = {
			isa = PBXSourcesBuildPhase;
			buildActionMask = 2147483647;
			files = (
				EFF5C5091BF32BE600B6A52D /* FYUIScrollViewDemoTests.m in Sources */,
			);
			runOnlyForDeploymentPostprocessing = 0;
		};
		EFF5C50B1BF32BE600B6A52D /* Sources */ = {
			isa = PBXSourcesBuildPhase;
			buildActionMask = 2147483647;
			files = (
				EFF5C5141BF32BE600B6A52D /* FYUIScrollViewDemoUITests.m in Sources */,
			);
			runOnlyForDeploymentPostprocessing = 0;
		};
/* End PBXSourcesBuildPhase section */

/* Begin PBXTargetDependency section */
		EFF5C5061BF32BE600B6A52D /* PBXTargetDependency */ = {
			isa = PBXTargetDependency;
			target = EFF5C4EA1BF32BE600B6A52D /* FYUIScrollViewDemo */;
			targetProxy = EFF5C5051BF32BE600B6A52D /* PBXContainerItemProxy */;
		};
		EFF5C5111BF32BE600B6A52D /* PBXTargetDependency */ = {
			isa = PBXTargetDependency;
			target = EFF5C4EA1BF32BE600B6A52D /* FYUIScrollViewDemo */;
			targetProxy = EFF5C5101BF32BE600B6A52D /* PBXContainerItemProxy */;
		};
/* End PBXTargetDependency section */

/* Begin PBXVariantGroup section */
		EFF5C4FC1BF32BE600B6A52D /* LaunchScreen.storyboard */ = {
			isa = PBXVariantGroup;
			children = (
				EFF5C4FD1BF32BE600B6A52D /* Base */,
			);
			name = LaunchScreen.storyboard;
			sourceTree = "<group>";
		};
/* End PBXVariantGroup section */

/* Begin XCBuildConfiguration section */
		EFF5C5161BF32BE600B6A52D /* Debug */ = {
			isa = XCBuildConfiguration;
			buildSettings = {
				ALWAYS_SEARCH_USER_PATHS = NO;
				CLANG_CXX_LANGUAGE_STANDARD = "gnu++0x";
				CLANG_CXX_LIBRARY = "libc++";
				CLANG_ENABLE_MODULES = YES;
				CLANG_ENABLE_OBJC_ARC = YES;
				CLANG_WARN_BOOL_CONVERSION = YES;
				CLANG_WARN_CONSTANT_CONVERSION = YES;
				CLANG_WARN_DIRECT_OBJC_ISA_USAGE = YES_ERROR;
				CLANG_WARN_EMPTY_BODY = YES;
				CLANG_WARN_ENUM_CONVERSION = YES;
				CLANG_WARN_INT_CONVERSION = YES;
				CLANG_WARN_OBJC_ROOT_CLASS = YES_ERROR;
				CLANG_WARN_UNREACHABLE_CODE = YES;
				CLANG_WARN__DUPLICATE_METHOD_MATCH = YES;
				"CODE_SIGN_IDENTITY[sdk=iphoneos*]" = "iPhone Developer";
				COPY_PHASE_STRIP = NO;
				DEBUG_INFORMATION_FORMAT = dwarf;
				ENABLE_STRICT_OBJC_MSGSEND = YES;
				ENABLE_TESTABILITY = YES;
				GCC_C_LANGUAGE_STANDARD = gnu99;
				GCC_DYNAMIC_NO_PIC = NO;
				GCC_NO_COMMON_BLOCKS = YES;
				GCC_OPTIMIZATION_LEVEL = 0;
				GCC_PREPROCESSOR_DEFINITIONS = (
					"DEBUG=1",
					"$(inherited)",
				);
				GCC_WARN_64_TO_32_BIT_CONVERSION = YES;
				GCC_WARN_ABOUT_RETURN_TYPE = YES_ERROR;
				GCC_WARN_UNDECLARED_SELECTOR = YES;
				GCC_WARN_UNINITIALIZED_AUTOS = YES_AGGRESSIVE;
				GCC_WARN_UNUSED_FUNCTION = YES;
				GCC_WARN_UNUSED_VARIABLE = YES;
				IPHONEOS_DEPLOYMENT_TARGET = 9.1;
				MTL_ENABLE_DEBUG_INFO = YES;
				ONLY_ACTIVE_ARCH = YES;
				SDKROOT = iphoneos;
				TARGETED_DEVICE_FAMILY = "1,2";
			};
			name = Debug;
		};
		EFF5C5171BF32BE600B6A52D /* Release */ = {
			isa = XCBuildConfiguration;
			buildSettings = {
				ALWAYS_SEARCH_USER_PATHS = NO;
				CLANG_CXX_LANGUAGE_STANDARD = "gnu++0x";
				CLANG_CXX_LIBRARY = "libc++";
				CLANG_ENABLE_MODULES = YES;
				CLANG_ENABLE_OBJC_ARC = YES;
				CLANG_WARN_BOOL_CONVERSION = YES;
				CLANG_WARN_CONSTANT_CONVERSION = YES;
				CLANG_WARN_DIRECT_OBJC_ISA_USAGE = YES_ERROR;
				CLANG_WARN_EMPTY_BODY = YES;
				CLANG_WARN_ENUM_CONVERSION = YES;
				CLANG_WARN_INT_CONVERSION = YES;
				CLANG_WARN_OBJC_ROOT_CLASS = YES_ERROR;
				CLANG_WARN_UNREACHABLE_CODE = YES;
				CLANG_WARN__DUPLICATE_METHOD_MATCH = YES;
				"CODE_SIGN_IDENTITY[sdk=iphoneos*]" = "iPhone Developer";
				COPY_PHASE_STRIP = NO;
				DEBUG_INFORMATION_FORMAT = "dwarf-with-dsym";
				ENABLE_NS_ASSERTIONS = NO;
				ENABLE_STRICT_OBJC_MSGSEND = YES;
				GCC_C_LANGUAGE_STANDARD = gnu99;
				GCC_NO_COMMON_BLOCKS = YES;
				GCC_WARN_64_TO_32_BIT_CONVERSION = YES;
				GCC_WARN_ABOUT_RETURN_TYPE = YES_ERROR;
				GCC_WARN_UNDECLARED_SELECTOR = YES;
				GCC_WARN_UNINITIALIZED_AUTOS = YES_AGGRESSIVE;
				GCC_WARN_UNUSED_FUNCTION = YES;
				GCC_WARN_UNUSED_VARIABLE = YES;
				IPHONEOS_DEPLOYMENT_TARGET = 9.1;
				MTL_ENABLE_DEBUG_INFO = NO;
				SDKROOT = iphoneos;
				TARGETED_DEVICE_FAMILY = "1,2";
				VALIDATE_PRODUCT = YES;
			};
			name = Release;
		};
		EFF5C5191BF32BE600B6A52D /* Debug */ = {
			isa = XCBuildConfiguration;
			baseConfigurationReference = A4B470CE6385F2A6F1C17709 /* Pods.debug.xcconfig */;
			buildSettings = {
				ASSETCATALOG_COMPILER_APPICON_NAME = AppIcon;
				CODE_SIGN_IDENTITY = "iPhone Developer";
				"CODE_SIGN_IDENTITY[sdk=iphoneos*]" = "iPhone Developer";
				INFOPLIST_FILE = FYUIScrollViewDemo/Info.plist;
				IPHONEOS_DEPLOYMENT_TARGET = 7.0;
				LD_RUNPATH_SEARCH_PATHS = "$(inherited) @executable_path/Frameworks";
				PRODUCT_BUNDLE_IDENTIFIER = com.frankenstein.FYUIScrollViewDemo;
				PRODUCT_NAME = "$(TARGET_NAME)";
				PROVISIONING_PROFILE = "";
			};
			name = Debug;
		};
		EFF5C51A1BF32BE600B6A52D /* Release */ = {
			isa = XCBuildConfiguration;
			baseConfigurationReference = FCDDB0AF069E782D7E968AB2 /* Pods.release.xcconfig */;
			buildSettings = {
				ASSETCATALOG_COMPILER_APPICON_NAME = AppIcon;
				CODE_SIGN_IDENTITY = "iPhone Developer";
				"CODE_SIGN_IDENTITY[sdk=iphoneos*]" = "iPhone Developer";
				INFOPLIST_FILE = FYUIScrollViewDemo/Info.plist;
				IPHONEOS_DEPLOYMENT_TARGET = 7.0;
				LD_RUNPATH_SEARCH_PATHS = "$(inherited) @executable_path/Frameworks";
				PRODUCT_BUNDLE_IDENTIFIER = com.frankenstein.FYUIScrollViewDemo;
				PRODUCT_NAME = "$(TARGET_NAME)";
				PROVISIONING_PROFILE = "";
			};
			name = Release;
		};
		EFF5C51C1BF32BE600B6A52D /* Debug */ = {
			isa = XCBuildConfiguration;
			buildSettings = {
				BUNDLE_LOADER = "$(TEST_HOST)";
				INFOPLIST_FILE = FYUIScrollViewDemoTests/Info.plist;
				LD_RUNPATH_SEARCH_PATHS = "$(inherited) @executable_path/Frameworks @loader_path/Frameworks";
				PRODUCT_BUNDLE_IDENTIFIER = com.frankenstein.yangclient.FYUIScrollViewDemoTests;
				PRODUCT_NAME = "$(TARGET_NAME)";
				TEST_HOST = "$(BUILT_PRODUCTS_DIR)/FYUIScrollViewDemo.app/FYUIScrollViewDemo";
			};
			name = Debug;
		};
		EFF5C51D1BF32BE600B6A52D /* Release */ = {
			isa = XCBuildConfiguration;
			buildSettings = {
				BUNDLE_LOADER = "$(TEST_HOST)";
				INFOPLIST_FILE = FYUIScrollViewDemoTests/Info.plist;
				LD_RUNPATH_SEARCH_PATHS = "$(inherited) @executable_path/Frameworks @loader_path/Frameworks";
				PRODUCT_BUNDLE_IDENTIFIER = com.frankenstein.yangclient.FYUIScrollViewDemoTests;
				PRODUCT_NAME = "$(TARGET_NAME)";
				TEST_HOST = "$(BUILT_PRODUCTS_DIR)/FYUIScrollViewDemo.app/FYUIScrollViewDemo";
			};
			name = Release;
		};
		EFF5C51F1BF32BE600B6A52D /* Debug */ = {
			isa = XCBuildConfiguration;
			buildSettings = {
				INFOPLIST_FILE = FYUIScrollViewDemoUITests/Info.plist;
				LD_RUNPATH_SEARCH_PATHS = "$(inherited) @executable_path/Frameworks @loader_path/Frameworks";
				PRODUCT_BUNDLE_IDENTIFIER = com.frankenstein.yangclient.FYUIScrollViewDemoUITests;
				PRODUCT_NAME = "$(TARGET_NAME)";
				TEST_TARGET_NAME = FYUIScrollViewDemo;
				USES_XCTRUNNER = YES;
			};
			name = Debug;
		};
		EFF5C5201BF32BE600B6A52D /* Release */ = {
			isa = XCBuildConfiguration;
			buildSettings = {
				INFOPLIST_FILE = FYUIScrollViewDemoUITests/Info.plist;
				LD_RUNPATH_SEARCH_PATHS = "$(inherited) @executable_path/Frameworks @loader_path/Frameworks";
				PRODUCT_BUNDLE_IDENTIFIER = com.frankenstein.yangclient.FYUIScrollViewDemoUITests;
				PRODUCT_NAME = "$(TARGET_NAME)";
				TEST_TARGET_NAME = FYUIScrollViewDemo;
				USES_XCTRUNNER = YES;
			};
			name = Release;
		};
/* End XCBuildConfiguration section */

/* Begin XCConfigurationList section */
		EFF5C4E61BF32BE600B6A52D /* Build configuration list for PBXProject "FYUIScrollViewDemo" */ = {
			isa = XCConfigurationList;
			buildConfigurations = (
				EFF5C5161BF32BE600B6A52D /* Debug */,
				EFF5C5171BF32BE600B6A52D /* Release */,
			);
			defaultConfigurationIsVisible = 0;
			defaultConfigurationName = Release;
		};
		EFF5C5181BF32BE600B6A52D /* Build configuration list for PBXNativeTarget "FYUIScrollViewDemo" */ = {
			isa = XCConfigurationList;
			buildConfigurations = (
				EFF5C5191BF32BE600B6A52D /* Debug */,
				EFF5C51A1BF32BE600B6A52D /* Release */,
			);
			defaultConfigurationIsVisible = 0;
			defaultConfigurationName = Release;
		};
		EFF5C51B1BF32BE600B6A52D /* Build configuration list for PBXNativeTarget "FYUIScrollViewDemoTests" */ = {
			isa = XCConfigurationList;
			buildConfigurations = (
				EFF5C51C1BF32BE600B6A52D /* Debug */,
				EFF5C51D1BF32BE600B6A52D /* Release */,
			);
			defaultConfigurationIsVisible = 0;
			defaultConfigurationName = Release;
		};
		EFF5C51E1BF32BE600B6A52D /* Build configuration list for PBXNativeTarget "FYUIScrollViewDemoUITests" */ = {
			isa = XCConfigurationList;
			buildConfigurations = (
				EFF5C51F1BF32BE600B6A52D /* Debug */,
				EFF5C5201BF32BE600B6A52D /* Release */,
			);
			defaultConfigurationIsVisible = 0;
			defaultConfigurationName = Release;
		};
/* End XCConfigurationList section */
	};
	rootObject = EFF5C4E31BF32BE600B6A52D /* Project object */;
}
